
Microsoft Visual Studio Solution File, Format Version 12.00
# Visual Studio Version 17
VisualStudioVersion = 17.5.33414.496
MinimumVisualStudioVersion = 10.0.40219.1
Project("{FAE04EC0-301F-11D3-BF4B-00C04F79EFBC}") = "arabize", "arabize\arabize.csproj", "{AABB7282-3C2D-41B5-8CE5-0ECE425B4122}"
EndProject
Project("{9A19103F-16F7-4668-BE54-9A1E7A4F7556}") = "ArabizeCore", "ArabizeCore\ArabizeCore.csproj", "{54AC8567-BE14-4D4C-B2AD-A245E3BB6DEC}"
EndProject
Project("{9A19103F-16F7-4668-BE54-9A1E7A4F7556}") = "CliFramework", "CliFramework\CliFramework.csproj", "{4030E1B4-ECCC-4D4A-A812-03A77A3F2553}"
EndProject
Global
	GlobalSection(SolutionConfigurationPlatforms) = preSolution
		Debug|Any CPU = Debug|Any CPU
		Release|Any CPU = Release|Any CPU
	EndGlobalSection
	GlobalSection(ProjectConfigurationPlatforms) = postSolution
		{AABB7282-3C2D-41B5-8CE5-0ECE425B4122}.Debug|Any CPU.ActiveCfg = Debug|Any CPU
		{AABB7282-3C2D-41B5-8CE5-0ECE425B4122}.Debug|Any CPU.Build.0 = Debug|Any CPU
		{AABB7282-3C2D-41B5-8CE5-0ECE425B4122}.Release|Any CPU.ActiveCfg = Release|Any CPU
		{AABB7282-3C2D-41B5-8CE5-0ECE425B4122}.Release|Any CPU.Build.0 = Release|Any CPU
		{54AC8567-BE14-4D4C-B2AD-A245E3BB6DEC}.Debug|Any CPU.ActiveCfg = Debug|Any CPU
		{54AC8567-BE14-4D4C-B2AD-A245E3BB6DEC}.Debug|Any CPU.Build.0 = Debug|Any CPU
		{54AC8567-BE14-4D4C-B2AD-A245E3BB6DEC}.Release|Any CPU.ActiveCfg = Release|Any CPU
		{54AC8567-BE14-4D4C-B2AD-A245E3BB6DEC}.Release|Any CPU.Build.0 = Release|Any CPU
		{4030E1B4-ECCC-4D4A-A812-03A77A3F2553}.Debug|Any CPU.ActiveCfg = Debug|Any CPU
		{4030E1B4-ECCC-4D4A-A812-03A77A3F2553}.Debug|Any CPU.Build.0 = Debug|Any CPU
		{4030E1B4-ECCC-4D4A-A812-03A77A3F2553}.Release|Any CPU.ActiveCfg = Release|Any CPU
		{4030E1B4-ECCC-4D4A-A812-03A77A3F2553}.Release|Any CPU.Build.0 = Release|Any CPU
	EndGlobalSection
	GlobalSection(SolutionProperties) = preSolution
		HideSolutionNode = FALSE
	EndGlobalSection
	GlobalSection(ExtensibilityGlobals) = postSolution
		SolutionGuid = {6DBF654F-B70E-4D8D-993B-5E2503842F98}
	EndGlobalSection
EndGlobal
