
Microsoft Visual Studio Solution File, Format Version 12.00
# Visual Studio Version 17
VisualStudioVersion = 17.5.33414.496
MinimumVisualStudioVersion = 10.0.40219.1
Project("{FAE04EC0-301F-11D3-BF4B-00C04F79EFBC}") = "arabize", "arabize\arabize.csproj", "{AABB7282-3C2D-41B5-8CE5-0ECE425B4122}"
EndProject
Global
	GlobalSection(SolutionConfigurationPlatforms) = preSolution
		Debug|Any CPU = Debug|Any CPU
		Release|Any CPU = Release|Any CPU
	EndGlobalSection
	GlobalSection(ProjectConfigurationPlatforms) = postSolution
		{AABB7282-3C2D-41B5-8CE5-0ECE425B4122}.Debug|Any CPU.ActiveCfg = Debug|Any CPU
		{AABB7282-3C2D-41B5-8CE5-0ECE425B4122}.Debug|Any CPU.Build.0 = Debug|Any CPU
		{AABB7282-3C2D-41B5-8CE5-0ECE425B4122}.Release|Any CPU.ActiveCfg = Release|Any CPU
		{AABB7282-3C2D-41B5-8CE5-0ECE425B4122}.Release|Any CPU.Build.0 = Release|Any CPU
	EndGlobalSection
	GlobalSection(SolutionProperties) = preSolution
		HideSolutionNode = FALSE
	EndGlobalSection
	GlobalSection(ExtensibilityGlobals) = postSolution
		SolutionGuid = {6DBF654F-B70E-4D8D-993B-5E2503842F98}
	EndGlobalSection
EndGlobal
